{
  "requires": true,
  "lockfileVersion": 1,
  "dependencies": {
    "nette-forms": {
      "version": "3.5.0",
      "resolved": "https://registry.npmjs.org/nette-forms/-/nette-forms-3.5.0.tgz",
      "integrity": "sha512-/MixMlfcrCA1O+4qGMcR8wXeu35fneRshWw98mHefoH0J5CM9Srd4mOSdpnDhrIx3noYE8EWMK8Xh6Dz2DUQuA=="
    },
    "nittro": {
      "version": "2.0.62",
      "resolved": "https://registry.npmjs.org/nittro/-/nittro-2.0.62.tgz",
      "integrity": "sha512-cCT+Ut37xBSF2a4VMQSBm53RIlWJguTN74V/ctdlvtwLA99XBxyh5pXPNiLY645i3dAUm2T/Wp8bE4W4dBCuEQ==",
      "requires": {
        "nittro-ajax": "^2.0.5",
        "nittro-core": "^2.0.19",
        "nittro-datetime": "^2.0.0",
        "nittro-di": "^2.0.0",
        "nittro-flashes": "^2.0.2",
        "nittro-forms": "^2.0.13",
        "nittro-neon": "^2.0.0",
        "nittro-page": "^2.0.36",
        "nittro-routing": "^2.0.0"
      }
    },
    "nittro-ajax": {
      "version": "2.0.5",
      "resolved": "https://registry.npmjs.org/nittro-ajax/-/nittro-ajax-2.0.5.tgz",
      "integrity": "sha512-WjaCl88HN5AEikmfBTpv+dVvcdKufB184jwUun7gU4izszfv5BRtkFENXJrUwAy85BHc+fIs6l3mw15BUH1Vrg==",
      "requires": {
        "nittro-core": "^2.0.0"
      }
    },
    "nittro-core": {
      "version": "2.0.21",
      "resolved": "https://registry.npmjs.org/nittro-core/-/nittro-core-2.0.21.tgz",
      "integrity": "sha512-1IQ0ZJM5G18cLCDNDs5UiGXO1auUOI9nGc1eAuLfgh/Q7knT4q7ECl5724t82FHHqHeRzvHeBV5onNbCVGlCng==",
      "requires": {
        "promiz": "^1.0.5"
      }
    },
    "nittro-datetime": {
      "version": "2.0.0",
      "resolved": "https://registry.npmjs.org/nittro-datetime/-/nittro-datetime-2.0.0.tgz",
      "integrity": "sha512-hXZR+hU3UpeqT+Lza+1X85+JOtwKddJY8Np3iyCyYUcIDxSffTQOSyAN05S8YVzI4Hif+8AtrltuXlYAdFB7dg==",
      "requires": {
        "nittro-core": "^2.0.0"
      }
    },
    "nittro-di": {
      "version": "2.0.0",
      "resolved": "https://registry.npmjs.org/nittro-di/-/nittro-di-2.0.0.tgz",
      "integrity": "sha512-nnqqIAxBIhB0xyoSO4k9koDRhacgmufzWwio9KpV6hssUEXg/HuDQP2hS9VabgYK4z8PkUT6fMGEQ4DMBeOCRw==",
      "requires": {
        "nittro-core": "^2.0.0",
        "nittro-neon": "^2.0.0"
      }
    },
    "nittro-flashes": {
      "version": "2.0.2",
      "resolved": "https://registry.npmjs.org/nittro-flashes/-/nittro-flashes-2.0.2.tgz",
      "integrity": "sha512-AHXkHqnyhjEyYumCX05CjF34AgXwKKumroOFvRYiN6LbVZobhw5kRi31nyh4IaI3ZQUc7aFOjpNx0/GYq2vAIA==",
      "requires": {
        "nittro-core": "^2.0.0"
      }
    },
    "nittro-forms": {
      "version": "2.0.13",
      "resolved": "https://registry.npmjs.org/nittro-forms/-/nittro-forms-2.0.13.tgz",
      "integrity": "sha512-vT3z9vXSc16f6bgCsQb2BKKVNZZdpGMZ/EC5/Z0yDBqmvClaP5sZtNT/8A4Ihz5AbVbZ3aTC4ukk4EPPDLChkA==",
      "requires": {
        "nette-forms": "^3.0",
        "nittro-core": "^2.0.0"
      }
    },
    "nittro-neon": {
      "version": "2.0.0",
      "resolved": "https://registry.npmjs.org/nittro-neon/-/nittro-neon-2.0.0.tgz",
      "integrity": "sha512-HI/wP03efKxYyafEUf+jp7tZhv4bgdNG52tS1LP+0kIGl1K/k3m6xXjuVao4/35SfFi3rjmikKR6h7UHGN+1nQ==",
      "requires": {
        "nittro-core": "^2.0.0",
        "nittro-datetime": "^2.0.0"
      }
    },
    "nittro-page": {
      "version": "2.0.36",
      "resolved": "https://registry.npmjs.org/nittro-page/-/nittro-page-2.0.36.tgz",
      "integrity": "sha512-WuKIZOMXrZjD5VduXOAgU50sOmfB0mo0tyTMDpUtgDSRRtPmlFqSbRLiHs/I4BoNZi4iDTpp1t8f7bNhIMkgIg==",
      "requires": {
        "nittro-ajax": "^2.0.2",
        "nittro-core": "^2.0.7"
      }
    },
    "nittro-routing": {
      "version": "2.0.0",
      "resolved": "https://registry.npmjs.org/nittro-routing/-/nittro-routing-2.0.0.tgz",
      "integrity": "sha512-9kZ4omzXWAarR6+4mYzGUPDENcckVA6lXKEifiY2XEPvz9XhncWV0MdhuTImhj545MS+ORhhh0QJ6fjJWvDRiQ==",
      "requires": {
        "nittro-core": "^2.0.0"
      }
    },
    "promiz": {
      "version": "1.0.6",
      "resolved": "https://registry.npmjs.org/promiz/-/promiz-1.0.6.tgz",
      "integrity": "sha512-kUOXrgIxJ9b9QuS0lcd6DvEl2Ulxhw+GRq4OykNdSnm3v3bdx9Q3yXHOJ0k2XaC4nDyBb1/bDSaIBmI8b6JU1Q=="
    }
  }
}
